# This file is automatically @generated by Cargo.
# It is not intended for manual editing.
version = 3

[[package]]
name = "embedded-hal"
version = "1.0.0-alpha.5"
source = "registry+https://github.com/rust-lang/crates.io-index"
checksum = "a554c04648665230499563ccdfd1fcd719ef2d5a0af54bdc81c5d877fb556db4"
dependencies = [
 "nb",
]

[[package]]
name = "nb"
version = "1.0.0"
source = "registry+https://github.com/rust-lang/crates.io-index"
checksum = "546c37ac5d9e56f55e73b677106873d9d9f5190605e41a856503623648488cae"

[[package]]
name = "pca9535"
version = "0.0.1"
dependencies = [
 "embedded-hal",
]
